
Microsoft Visual Studio Solution File, Format Version 11.00
# Visual Studio 2010
Project("{FAE04EC0-301F-11D3-BF4B-00C04F79EFBC}") = "HelloWorld", "HelloWorld\HelloWorld.csproj", "{47C29351-03EE-4DAC-A199-791E76000EA2}"
EndProject
Project("{FAE04EC0-301F-11D3-BF4B-00C04F79EFBC}") = "Biz.Web", "Biz.Web\Biz.Web.csproj", "{932379D0-12B0-4E67-A56D-08BCE10C6DF6}"
EndProject
Global
	GlobalSection(SolutionConfigurationPlatforms) = preSolution
		Debug|Any CPU = Debug|Any CPU
		Release|Any CPU = Release|Any CPU
	EndGlobalSection
	GlobalSection(ProjectConfigurationPlatforms) = postSolution
		{47C29351-03EE-4DAC-A199-791E76000EA2}.Debug|Any CPU.ActiveCfg = Debug|Any CPU
		{47C29351-03EE-4DAC-A199-791E76000EA2}.Debug|Any CPU.Build.0 = Debug|Any CPU
		{47C29351-03EE-4DAC-A199-791E76000EA2}.Release|Any CPU.ActiveCfg = Release|Any CPU
		{47C29351-03EE-4DAC-A199-791E76000EA2}.Release|Any CPU.Build.0 = Release|Any CPU
		{932379D0-12B0-4E67-A56D-08BCE10C6DF6}.Debug|Any CPU.ActiveCfg = Debug|Any CPU
		{932379D0-12B0-4E67-A56D-08BCE10C6DF6}.Debug|Any CPU.Build.0 = Debug|Any CPU
		{932379D0-12B0-4E67-A56D-08BCE10C6DF6}.Release|Any CPU.ActiveCfg = Release|Any CPU
		{932379D0-12B0-4E67-A56D-08BCE10C6DF6}.Release|Any CPU.Build.0 = Release|Any CPU
	EndGlobalSection
	GlobalSection(SolutionProperties) = preSolution
		HideSolutionNode = FALSE
	EndGlobalSection
EndGlobal
