
Microsoft Visual Studio Solution File, Format Version 12.00
# Visual Studio 2012
Project("{2150E333-8FDC-42A3-9474-1A3956D46DE8}") = "MVC", "MVC", "{B63BFF82-9FAB-40D2-B061-BF8046410540}"
EndProject
Project("{2150E333-8FDC-42A3-9474-1A3956D46DE8}") = "WebPages", "WebPages", "{A10F6194-933A-443E-AEC3-023942D30D99}"
EndProject
Project("{FAE04EC0-301F-11D3-BF4B-00C04F79EFBC}") = "System.Web.Razor", "webpages\src\System.Web.Razor\System.Web.Razor.csproj", "{8F18041B-9410-4C36-A9C5-067813DF5F31}"
EndProject
Project("{FAE04EC0-301F-11D3-BF4B-00C04F79EFBC}") = "System.Web.WebPages", "webpages\src\System.Web.WebPages\System.Web.WebPages.csproj", "{76EFA9C5-8D7E-4FDF-B710-E20F8B6B00D2}"
EndProject
Project("{FAE04EC0-301F-11D3-BF4B-00C04F79EFBC}") = "System.Web.WebPages.Razor", "webpages\src\System.Web.WebPages.Razor\System.Web.WebPages.Razor.csproj", "{0939B11A-FE4E-4BA1-8AD6-D97741EE314F}"
EndProject
Project("{FAE04EC0-301F-11D3-BF4B-00C04F79EFBC}") = "WebMatrix.Data", "webpages\src\WebMatrix.Data\WebMatrix.Data.csproj", "{4D39BAAF-8A96-473E-AB79-C8A341885137}"
EndProject
Project("{FAE04EC0-301F-11D3-BF4B-00C04F79EFBC}") = "WebMatrix.WebData", "webpages\src\WebMatrix.WebData\WebMatrix.WebData.csproj", "{55A15F40-1435-4248-A7F2-2A146BB83586}"
EndProject
Project("{FAE04EC0-301F-11D3-BF4B-00C04F79EFBC}") = "System.Web.Helpers", "webpages\src\System.Web.Helpers\System.Web.Helpers.csproj", "{9B7E3740-6161-4548-833C-4BBCA43B970E}"
EndProject
Project("{FAE04EC0-301F-11D3-BF4B-00C04F79EFBC}") = "System.Web.WebPages.Deployment", "webpages\src\System.Web.WebPages.Deployment\System.Web.WebPages.Deployment.csproj", "{22BABB60-8F02-4027-AFFC-ACF069954536}"
EndProject
Project("{FAE04EC0-301F-11D3-BF4B-00C04F79EFBC}") = "Microsoft.Web.Helpers", "webpages\src\Microsoft.Web.Helpers\Microsoft.Web.Helpers.csproj", "{0C7CE809-0F72-4C19-8C64-D6573E4D9521}"
EndProject
Project("{FAE04EC0-301F-11D3-BF4B-00C04F79EFBC}") = "Microsoft.Web.Helpers.Test", "webpages\test\Microsoft.Web.Helpers.Test\Microsoft.Web.Helpers.Test.csproj", "{2C653A66-8159-4A41-954F-A67915DFDA87}"
EndProject
Project("{FAE04EC0-301F-11D3-BF4B-00C04F79EFBC}") = "System.Web.Helpers.Test", "webpages\test\System.Web.Helpers.Test\System.Web.Helpers.Test.csproj", "{D3313BDF-8071-4AC8-9D98-ABF7F9E88A57}"
EndProject
Project("{FAE04EC0-301F-11D3-BF4B-00C04F79EFBC}") = "System.Web.Razor.Test", "webpages\test\System.Web.Razor.Test\System.Web.Razor.Test.csproj", "{0BB62A1D-E6B5-49FA-9E3C-6AF679A66DFE}"
EndProject
Project("{FAE04EC0-301F-11D3-BF4B-00C04F79EFBC}") = "System.Web.WebPages.Deployment.Test", "webpages\test\System.Web.WebPages.Deployment.Test\System.Web.WebPages.Deployment.Test.csproj", "{268DEE9D-F323-4A00-8ED8-3784388C3E3A}"
EndProject
Project("{FAE04EC0-301F-11D3-BF4B-00C04F79EFBC}") = "System.Web.WebPages.Razor.Test", "webpages\test\System.Web.WebPages.Razor.Test\System.Web.WebPages.Razor.Test.csproj", "{66A74F3C-A106-4C1E-BAA0-001908FEA2CA}"
EndProject
Project("{FAE04EC0-301F-11D3-BF4B-00C04F79EFBC}") = "System.Web.WebPages.Test", "webpages\test\System.Web.WebPages.Test\System.Web.WebPages.Test.csproj", "{0F4870DB-A799-4DBA-99DF-0D74BB52FEC2}"
EndProject
Project("{FAE04EC0-301F-11D3-BF4B-00C04F79EFBC}") = "System.Web.WebPages.TestUtils", "webpages\test\System.Web.WebPages.TestUtils\System.Web.WebPages.TestUtils.csproj", "{4599D053-CC06-4818-AFFD-EF45404895EF}"
EndProject
Project("{FAE04EC0-301F-11D3-BF4B-00C04F79EFBC}") = "WebMatrix.Data.Test", "webpages\test\WebMatrix.Data.Test\WebMatrix.Data.Test.csproj", "{E2D008A9-4D1D-4F6B-8325-4ED717D6EA0A}"
EndProject
Project("{FAE04EC0-301F-11D3-BF4B-00C04F79EFBC}") = "System.Web.Mvc", "mvc3\src\SystemWebMvc\System.Web.Mvc.csproj", "{3D3FFD8A-624D-4E9B-954B-E1C105507975}"
EndProject
Project("{FAE04EC0-301F-11D3-BF4B-00C04F79EFBC}") = "MvcBuildTasks", "mvc3\src\MvcBuildTasks\MvcBuildTasks.csproj", "{A23646B5-9365-4007-85D3-F7D9A04EE916}"
EndProject
Project("{FAE04EC0-301F-11D3-BF4B-00C04F79EFBC}") = "MvcFuturesFiles", "mvc3\src\MvcFuturesFiles\MvcFuturesFiles.csproj", "{075BA018-DD6D-4077-96CA-D8640D888009}"
EndProject
Project("{FAE04EC0-301F-11D3-BF4B-00C04F79EFBC}") = "MvcFutures", "mvc3\src\MvcFutures\MvcFutures.csproj", "{D3CF7430-6DA4-42B0-BD90-CA39D16687B2}"
EndProject
Project("{FAE04EC0-301F-11D3-BF4B-00C04F79EFBC}") = "MicrosoftMvcAjaxScript", "mvc3\src\MicrosoftMvcAjaxScript\MicrosoftMvcAjaxScript.csproj", "{256C18D8-0A46-4DEC-A9D6-D8073D15F453}"
EndProject
Project("{FAE04EC0-301F-11D3-BF4B-00C04F79EFBC}") = "MicrosoftMvcValidationScript", "mvc3\src\MicrosoftMvcValidationScript\MicrosoftMvcValidationScript.csproj", "{83CAA00D-A07D-45FD-8CE3-3298CFF374CD}"
EndProject
Project("{FAE04EC0-301F-11D3-BF4B-00C04F79EFBC}") = "System.Web.Mvc.Test", "mvc3\test\SystemWebMvcTest\System.Web.Mvc.Test.csproj", "{8AC2A2E4-2F11-4D40-A887-62E2583A65E6}"
EndProject
Project("{FAE04EC0-301F-11D3-BF4B-00C04F79EFBC}") = "MvcBuildTasksTest", "mvc3\test\MvcBuildTasksTest\MvcBuildTasksTest.csproj", "{44D03EF0-08CE-4ADE-A7E0-445090023FA7}"
EndProject
Project("{FAE04EC0-301F-11D3-BF4B-00C04F79EFBC}") = "MvcFuturesTest", "mvc3\test\MvcFuturesTest\MvcFuturesTest.csproj", "{6C28DA70-60F1-4442-967F-591BF3962EC5}"
EndProject
Project("{FAE04EC0-301F-11D3-BF4B-00C04F79EFBC}") = "UnitTestUtil", "mvc3\test\UnitTestUtil\UnitTestUtil.csproj", "{57FFC134-7F9D-4B97-8692-8D2C16714663}"
EndProject
Project("{FAE04EC0-301F-11D3-BF4B-00C04F79EFBC}") = "MVCApp", "MVCApp\MVCApp.csproj", "{523F4FBE-008C-4D11-81F5-36FDDF737339}"
EndProject
Global
	GlobalSection(SolutionConfigurationPlatforms) = preSolution
		CodeCoverage|Any CPU = CodeCoverage|Any CPU
		Coverage|Any CPU = Coverage|Any CPU
		Debug|Any CPU = Debug|Any CPU
		FxCop|Any CPU = FxCop|Any CPU
		Release|Any CPU = Release|Any CPU
	EndGlobalSection
	GlobalSection(ProjectConfigurationPlatforms) = postSolution
		{075BA018-DD6D-4077-96CA-D8640D888009}.CodeCoverage|Any CPU.ActiveCfg = Release|Any CPU
		{075BA018-DD6D-4077-96CA-D8640D888009}.CodeCoverage|Any CPU.Build.0 = Release|Any CPU
		{075BA018-DD6D-4077-96CA-D8640D888009}.Coverage|Any CPU.ActiveCfg = Release|Any CPU
		{075BA018-DD6D-4077-96CA-D8640D888009}.Coverage|Any CPU.Build.0 = Release|Any CPU
		{075BA018-DD6D-4077-96CA-D8640D888009}.Debug|Any CPU.ActiveCfg = Debug|Any CPU
		{075BA018-DD6D-4077-96CA-D8640D888009}.Debug|Any CPU.Build.0 = Debug|Any CPU
		{075BA018-DD6D-4077-96CA-D8640D888009}.FxCop|Any CPU.ActiveCfg = Release|Any CPU
		{075BA018-DD6D-4077-96CA-D8640D888009}.FxCop|Any CPU.Build.0 = Release|Any CPU
		{075BA018-DD6D-4077-96CA-D8640D888009}.Release|Any CPU.ActiveCfg = Release|Any CPU
		{075BA018-DD6D-4077-96CA-D8640D888009}.Release|Any CPU.Build.0 = Release|Any CPU
		{0939B11A-FE4E-4BA1-8AD6-D97741EE314F}.CodeCoverage|Any CPU.ActiveCfg = Release|Any CPU
		{0939B11A-FE4E-4BA1-8AD6-D97741EE314F}.CodeCoverage|Any CPU.Build.0 = Release|Any CPU
		{0939B11A-FE4E-4BA1-8AD6-D97741EE314F}.Coverage|Any CPU.ActiveCfg = Release|Any CPU
		{0939B11A-FE4E-4BA1-8AD6-D97741EE314F}.Coverage|Any CPU.Build.0 = Release|Any CPU
		{0939B11A-FE4E-4BA1-8AD6-D97741EE314F}.Debug|Any CPU.ActiveCfg = Debug|Any CPU
		{0939B11A-FE4E-4BA1-8AD6-D97741EE314F}.Debug|Any CPU.Build.0 = Debug|Any CPU
		{0939B11A-FE4E-4BA1-8AD6-D97741EE314F}.FxCop|Any CPU.ActiveCfg = Release|Any CPU
		{0939B11A-FE4E-4BA1-8AD6-D97741EE314F}.FxCop|Any CPU.Build.0 = Release|Any CPU
		{0939B11A-FE4E-4BA1-8AD6-D97741EE314F}.Release|Any CPU.ActiveCfg = Release|Any CPU
		{0939B11A-FE4E-4BA1-8AD6-D97741EE314F}.Release|Any CPU.Build.0 = Release|Any CPU
		{0BB62A1D-E6B5-49FA-9E3C-6AF679A66DFE}.CodeCoverage|Any CPU.ActiveCfg = Release|Any CPU
		{0BB62A1D-E6B5-49FA-9E3C-6AF679A66DFE}.CodeCoverage|Any CPU.Build.0 = Release|Any CPU
		{0BB62A1D-E6B5-49FA-9E3C-6AF679A66DFE}.Coverage|Any CPU.ActiveCfg = Release|Any CPU
		{0BB62A1D-E6B5-49FA-9E3C-6AF679A66DFE}.Coverage|Any CPU.Build.0 = Release|Any CPU
		{0BB62A1D-E6B5-49FA-9E3C-6AF679A66DFE}.Debug|Any CPU.ActiveCfg = Debug|Any CPU
		{0BB62A1D-E6B5-49FA-9E3C-6AF679A66DFE}.Debug|Any CPU.Build.0 = Debug|Any CPU
		{0BB62A1D-E6B5-49FA-9E3C-6AF679A66DFE}.FxCop|Any CPU.ActiveCfg = Release|Any CPU
		{0BB62A1D-E6B5-49FA-9E3C-6AF679A66DFE}.FxCop|Any CPU.Build.0 = Release|Any CPU
		{0BB62A1D-E6B5-49FA-9E3C-6AF679A66DFE}.Release|Any CPU.ActiveCfg = Release|Any CPU
		{0BB62A1D-E6B5-49FA-9E3C-6AF679A66DFE}.Release|Any CPU.Build.0 = Release|Any CPU
		{0C7CE809-0F72-4C19-8C64-D6573E4D9521}.CodeCoverage|Any CPU.ActiveCfg = Release|Any CPU
		{0C7CE809-0F72-4C19-8C64-D6573E4D9521}.CodeCoverage|Any CPU.Build.0 = Release|Any CPU
		{0C7CE809-0F72-4C19-8C64-D6573E4D9521}.Coverage|Any CPU.ActiveCfg = Release|Any CPU
		{0C7CE809-0F72-4C19-8C64-D6573E4D9521}.Coverage|Any CPU.Build.0 = Release|Any CPU
		{0C7CE809-0F72-4C19-8C64-D6573E4D9521}.Debug|Any CPU.ActiveCfg = Debug|Any CPU
		{0C7CE809-0F72-4C19-8C64-D6573E4D9521}.Debug|Any CPU.Build.0 = Debug|Any CPU
		{0C7CE809-0F72-4C19-8C64-D6573E4D9521}.FxCop|Any CPU.ActiveCfg = Release|Any CPU
		{0C7CE809-0F72-4C19-8C64-D6573E4D9521}.FxCop|Any CPU.Build.0 = Release|Any CPU
		{0C7CE809-0F72-4C19-8C64-D6573E4D9521}.Release|Any CPU.ActiveCfg = Release|Any CPU
		{0C7CE809-0F72-4C19-8C64-D6573E4D9521}.Release|Any CPU.Build.0 = Release|Any CPU
		{0F4870DB-A799-4DBA-99DF-0D74BB52FEC2}.CodeCoverage|Any CPU.ActiveCfg = Release|Any CPU
		{0F4870DB-A799-4DBA-99DF-0D74BB52FEC2}.CodeCoverage|Any CPU.Build.0 = Release|Any CPU
		{0F4870DB-A799-4DBA-99DF-0D74BB52FEC2}.Coverage|Any CPU.ActiveCfg = Release|Any CPU
		{0F4870DB-A799-4DBA-99DF-0D74BB52FEC2}.Coverage|Any CPU.Build.0 = Release|Any CPU
		{0F4870DB-A799-4DBA-99DF-0D74BB52FEC2}.Debug|Any CPU.ActiveCfg = Debug|Any CPU
		{0F4870DB-A799-4DBA-99DF-0D74BB52FEC2}.Debug|Any CPU.Build.0 = Debug|Any CPU
		{0F4870DB-A799-4DBA-99DF-0D74BB52FEC2}.FxCop|Any CPU.ActiveCfg = Release|Any CPU
		{0F4870DB-A799-4DBA-99DF-0D74BB52FEC2}.FxCop|Any CPU.Build.0 = Release|Any CPU
		{0F4870DB-A799-4DBA-99DF-0D74BB52FEC2}.Release|Any CPU.ActiveCfg = Release|Any CPU
		{0F4870DB-A799-4DBA-99DF-0D74BB52FEC2}.Release|Any CPU.Build.0 = Release|Any CPU
		{22BABB60-8F02-4027-AFFC-ACF069954536}.CodeCoverage|Any CPU.ActiveCfg = Release|Any CPU
		{22BABB60-8F02-4027-AFFC-ACF069954536}.CodeCoverage|Any CPU.Build.0 = Release|Any CPU
		{22BABB60-8F02-4027-AFFC-ACF069954536}.Coverage|Any CPU.ActiveCfg = Release|Any CPU
		{22BABB60-8F02-4027-AFFC-ACF069954536}.Coverage|Any CPU.Build.0 = Release|Any CPU
		{22BABB60-8F02-4027-AFFC-ACF069954536}.Debug|Any CPU.ActiveCfg = Debug|Any CPU
		{22BABB60-8F02-4027-AFFC-ACF069954536}.Debug|Any CPU.Build.0 = Debug|Any CPU
		{22BABB60-8F02-4027-AFFC-ACF069954536}.FxCop|Any CPU.ActiveCfg = Release|Any CPU
		{22BABB60-8F02-4027-AFFC-ACF069954536}.FxCop|Any CPU.Build.0 = Release|Any CPU
		{22BABB60-8F02-4027-AFFC-ACF069954536}.Release|Any CPU.ActiveCfg = Release|Any CPU
		{22BABB60-8F02-4027-AFFC-ACF069954536}.Release|Any CPU.Build.0 = Release|Any CPU
		{256C18D8-0A46-4DEC-A9D6-D8073D15F453}.CodeCoverage|Any CPU.ActiveCfg = Release|Any CPU
		{256C18D8-0A46-4DEC-A9D6-D8073D15F453}.CodeCoverage|Any CPU.Build.0 = Release|Any CPU
		{256C18D8-0A46-4DEC-A9D6-D8073D15F453}.Coverage|Any CPU.ActiveCfg = Release|Any CPU
		{256C18D8-0A46-4DEC-A9D6-D8073D15F453}.Coverage|Any CPU.Build.0 = Release|Any CPU
		{256C18D8-0A46-4DEC-A9D6-D8073D15F453}.Debug|Any CPU.ActiveCfg = Debug|Any CPU
		{256C18D8-0A46-4DEC-A9D6-D8073D15F453}.Debug|Any CPU.Build.0 = Debug|Any CPU
		{256C18D8-0A46-4DEC-A9D6-D8073D15F453}.FxCop|Any CPU.ActiveCfg = Release|Any CPU
		{256C18D8-0A46-4DEC-A9D6-D8073D15F453}.FxCop|Any CPU.Build.0 = Release|Any CPU
		{256C18D8-0A46-4DEC-A9D6-D8073D15F453}.Release|Any CPU.ActiveCfg = Release|Any CPU
		{256C18D8-0A46-4DEC-A9D6-D8073D15F453}.Release|Any CPU.Build.0 = Release|Any CPU
		{268DEE9D-F323-4A00-8ED8-3784388C3E3A}.CodeCoverage|Any CPU.ActiveCfg = Release|Any CPU
		{268DEE9D-F323-4A00-8ED8-3784388C3E3A}.CodeCoverage|Any CPU.Build.0 = Release|Any CPU
		{268DEE9D-F323-4A00-8ED8-3784388C3E3A}.Coverage|Any CPU.ActiveCfg = Release|Any CPU
		{268DEE9D-F323-4A00-8ED8-3784388C3E3A}.Coverage|Any CPU.Build.0 = Release|Any CPU
		{268DEE9D-F323-4A00-8ED8-3784388C3E3A}.Debug|Any CPU.ActiveCfg = Debug|Any CPU
		{268DEE9D-F323-4A00-8ED8-3784388C3E3A}.Debug|Any CPU.Build.0 = Debug|Any CPU
		{268DEE9D-F323-4A00-8ED8-3784388C3E3A}.FxCop|Any CPU.ActiveCfg = Release|Any CPU
		{268DEE9D-F323-4A00-8ED8-3784388C3E3A}.FxCop|Any CPU.Build.0 = Release|Any CPU
		{268DEE9D-F323-4A00-8ED8-3784388C3E3A}.Release|Any CPU.ActiveCfg = Release|Any CPU
		{268DEE9D-F323-4A00-8ED8-3784388C3E3A}.Release|Any CPU.Build.0 = Release|Any CPU
		{2C653A66-8159-4A41-954F-A67915DFDA87}.CodeCoverage|Any CPU.ActiveCfg = Release|Any CPU
		{2C653A66-8159-4A41-954F-A67915DFDA87}.CodeCoverage|Any CPU.Build.0 = Release|Any CPU
		{2C653A66-8159-4A41-954F-A67915DFDA87}.Coverage|Any CPU.ActiveCfg = Release|Any CPU
		{2C653A66-8159-4A41-954F-A67915DFDA87}.Coverage|Any CPU.Build.0 = Release|Any CPU
		{2C653A66-8159-4A41-954F-A67915DFDA87}.Debug|Any CPU.ActiveCfg = Debug|Any CPU
		{2C653A66-8159-4A41-954F-A67915DFDA87}.Debug|Any CPU.Build.0 = Debug|Any CPU
		{2C653A66-8159-4A41-954F-A67915DFDA87}.FxCop|Any CPU.ActiveCfg = Release|Any CPU
		{2C653A66-8159-4A41-954F-A67915DFDA87}.FxCop|Any CPU.Build.0 = Release|Any CPU
		{2C653A66-8159-4A41-954F-A67915DFDA87}.Release|Any CPU.ActiveCfg = Release|Any CPU
		{2C653A66-8159-4A41-954F-A67915DFDA87}.Release|Any CPU.Build.0 = Release|Any CPU
		{3D3FFD8A-624D-4E9B-954B-E1C105507975}.CodeCoverage|Any CPU.ActiveCfg = CodeCoverage|Any CPU
		{3D3FFD8A-624D-4E9B-954B-E1C105507975}.CodeCoverage|Any CPU.Build.0 = CodeCoverage|Any CPU
		{3D3FFD8A-624D-4E9B-954B-E1C105507975}.Coverage|Any CPU.ActiveCfg = CodeCoverage|Any CPU
		{3D3FFD8A-624D-4E9B-954B-E1C105507975}.Coverage|Any CPU.Build.0 = CodeCoverage|Any CPU
		{3D3FFD8A-624D-4E9B-954B-E1C105507975}.Debug|Any CPU.ActiveCfg = Debug|Any CPU
		{3D3FFD8A-624D-4E9B-954B-E1C105507975}.Debug|Any CPU.Build.0 = Debug|Any CPU
		{3D3FFD8A-624D-4E9B-954B-E1C105507975}.FxCop|Any CPU.ActiveCfg = FxCop|Any CPU
		{3D3FFD8A-624D-4E9B-954B-E1C105507975}.FxCop|Any CPU.Build.0 = FxCop|Any CPU
		{3D3FFD8A-624D-4E9B-954B-E1C105507975}.Release|Any CPU.ActiveCfg = Release|Any CPU
		{3D3FFD8A-624D-4E9B-954B-E1C105507975}.Release|Any CPU.Build.0 = Release|Any CPU
		{44D03EF0-08CE-4ADE-A7E0-445090023FA7}.CodeCoverage|Any CPU.ActiveCfg = Release|Any CPU
		{44D03EF0-08CE-4ADE-A7E0-445090023FA7}.CodeCoverage|Any CPU.Build.0 = Release|Any CPU
		{44D03EF0-08CE-4ADE-A7E0-445090023FA7}.Coverage|Any CPU.ActiveCfg = Release|Any CPU
		{44D03EF0-08CE-4ADE-A7E0-445090023FA7}.Coverage|Any CPU.Build.0 = Release|Any CPU
		{44D03EF0-08CE-4ADE-A7E0-445090023FA7}.Debug|Any CPU.ActiveCfg = Debug|Any CPU
		{44D03EF0-08CE-4ADE-A7E0-445090023FA7}.Debug|Any CPU.Build.0 = Debug|Any CPU
		{44D03EF0-08CE-4ADE-A7E0-445090023FA7}.FxCop|Any CPU.ActiveCfg = Release|Any CPU
		{44D03EF0-08CE-4ADE-A7E0-445090023FA7}.FxCop|Any CPU.Build.0 = Release|Any CPU
		{44D03EF0-08CE-4ADE-A7E0-445090023FA7}.Release|Any CPU.ActiveCfg = Release|Any CPU
		{44D03EF0-08CE-4ADE-A7E0-445090023FA7}.Release|Any CPU.Build.0 = Release|Any CPU
		{4599D053-CC06-4818-AFFD-EF45404895EF}.CodeCoverage|Any CPU.ActiveCfg = Release|Any CPU
		{4599D053-CC06-4818-AFFD-EF45404895EF}.CodeCoverage|Any CPU.Build.0 = Release|Any CPU
		{4599D053-CC06-4818-AFFD-EF45404895EF}.Coverage|Any CPU.ActiveCfg = Release|Any CPU
		{4599D053-CC06-4818-AFFD-EF45404895EF}.Coverage|Any CPU.Build.0 = Release|Any CPU
		{4599D053-CC06-4818-AFFD-EF45404895EF}.Debug|Any CPU.ActiveCfg = Debug|Any CPU
		{4599D053-CC06-4818-AFFD-EF45404895EF}.Debug|Any CPU.Build.0 = Debug|Any CPU
		{4599D053-CC06-4818-AFFD-EF45404895EF}.FxCop|Any CPU.ActiveCfg = Release|Any CPU
		{4599D053-CC06-4818-AFFD-EF45404895EF}.FxCop|Any CPU.Build.0 = Release|Any CPU
		{4599D053-CC06-4818-AFFD-EF45404895EF}.Release|Any CPU.ActiveCfg = Release|Any CPU
		{4599D053-CC06-4818-AFFD-EF45404895EF}.Release|Any CPU.Build.0 = Release|Any CPU
		{4D39BAAF-8A96-473E-AB79-C8A341885137}.CodeCoverage|Any CPU.ActiveCfg = Release|Any CPU
		{4D39BAAF-8A96-473E-AB79-C8A341885137}.CodeCoverage|Any CPU.Build.0 = Release|Any CPU
		{4D39BAAF-8A96-473E-AB79-C8A341885137}.Coverage|Any CPU.ActiveCfg = Release|Any CPU
		{4D39BAAF-8A96-473E-AB79-C8A341885137}.Coverage|Any CPU.Build.0 = Release|Any CPU
		{4D39BAAF-8A96-473E-AB79-C8A341885137}.Debug|Any CPU.ActiveCfg = Debug|Any CPU
		{4D39BAAF-8A96-473E-AB79-C8A341885137}.Debug|Any CPU.Build.0 = Debug|Any CPU
		{4D39BAAF-8A96-473E-AB79-C8A341885137}.FxCop|Any CPU.ActiveCfg = Release|Any CPU
		{4D39BAAF-8A96-473E-AB79-C8A341885137}.FxCop|Any CPU.Build.0 = Release|Any CPU
		{4D39BAAF-8A96-473E-AB79-C8A341885137}.Release|Any CPU.ActiveCfg = Release|Any CPU
		{4D39BAAF-8A96-473E-AB79-C8A341885137}.Release|Any CPU.Build.0 = Release|Any CPU
		{523F4FBE-008C-4D11-81F5-36FDDF737339}.CodeCoverage|Any CPU.ActiveCfg = Release|Any CPU
		{523F4FBE-008C-4D11-81F5-36FDDF737339}.CodeCoverage|Any CPU.Build.0 = Release|Any CPU
		{523F4FBE-008C-4D11-81F5-36FDDF737339}.Coverage|Any CPU.ActiveCfg = Release|Any CPU
		{523F4FBE-008C-4D11-81F5-36FDDF737339}.Coverage|Any CPU.Build.0 = Release|Any CPU
		{523F4FBE-008C-4D11-81F5-36FDDF737339}.Debug|Any CPU.ActiveCfg = Debug|Any CPU
		{523F4FBE-008C-4D11-81F5-36FDDF737339}.Debug|Any CPU.Build.0 = Debug|Any CPU
		{523F4FBE-008C-4D11-81F5-36FDDF737339}.FxCop|Any CPU.ActiveCfg = Release|Any CPU
		{523F4FBE-008C-4D11-81F5-36FDDF737339}.FxCop|Any CPU.Build.0 = Release|Any CPU
		{523F4FBE-008C-4D11-81F5-36FDDF737339}.Release|Any CPU.ActiveCfg = Release|Any CPU
		{523F4FBE-008C-4D11-81F5-36FDDF737339}.Release|Any CPU.Build.0 = Release|Any CPU
		{55A15F40-1435-4248-A7F2-2A146BB83586}.CodeCoverage|Any CPU.ActiveCfg = Release|Any CPU
		{55A15F40-1435-4248-A7F2-2A146BB83586}.CodeCoverage|Any CPU.Build.0 = Release|Any CPU
		{55A15F40-1435-4248-A7F2-2A146BB83586}.Coverage|Any CPU.ActiveCfg = Release|Any CPU
		{55A15F40-1435-4248-A7F2-2A146BB83586}.Coverage|Any CPU.Build.0 = Release|Any CPU
		{55A15F40-1435-4248-A7F2-2A146BB83586}.Debug|Any CPU.ActiveCfg = Debug|Any CPU
		{55A15F40-1435-4248-A7F2-2A146BB83586}.Debug|Any CPU.Build.0 = Debug|Any CPU
		{55A15F40-1435-4248-A7F2-2A146BB83586}.FxCop|Any CPU.ActiveCfg = Release|Any CPU
		{55A15F40-1435-4248-A7F2-2A146BB83586}.FxCop|Any CPU.Build.0 = Release|Any CPU
		{55A15F40-1435-4248-A7F2-2A146BB83586}.Release|Any CPU.ActiveCfg = Release|Any CPU
		{55A15F40-1435-4248-A7F2-2A146BB83586}.Release|Any CPU.Build.0 = Release|Any CPU
		{57FFC134-7F9D-4B97-8692-8D2C16714663}.CodeCoverage|Any CPU.ActiveCfg = Release|Any CPU
		{57FFC134-7F9D-4B97-8692-8D2C16714663}.CodeCoverage|Any CPU.Build.0 = Release|Any CPU
		{57FFC134-7F9D-4B97-8692-8D2C16714663}.Coverage|Any CPU.ActiveCfg = Release|Any CPU
		{57FFC134-7F9D-4B97-8692-8D2C16714663}.Coverage|Any CPU.Build.0 = Release|Any CPU
		{57FFC134-7F9D-4B97-8692-8D2C16714663}.Debug|Any CPU.ActiveCfg = Debug|Any CPU
		{57FFC134-7F9D-4B97-8692-8D2C16714663}.Debug|Any CPU.Build.0 = Debug|Any CPU
		{57FFC134-7F9D-4B97-8692-8D2C16714663}.FxCop|Any CPU.ActiveCfg = Release|Any CPU
		{57FFC134-7F9D-4B97-8692-8D2C16714663}.FxCop|Any CPU.Build.0 = Release|Any CPU
		{57FFC134-7F9D-4B97-8692-8D2C16714663}.Release|Any CPU.ActiveCfg = Release|Any CPU
		{57FFC134-7F9D-4B97-8692-8D2C16714663}.Release|Any CPU.Build.0 = Release|Any CPU
		{66A74F3C-A106-4C1E-BAA0-001908FEA2CA}.CodeCoverage|Any CPU.ActiveCfg = Release|Any CPU
		{66A74F3C-A106-4C1E-BAA0-001908FEA2CA}.CodeCoverage|Any CPU.Build.0 = Release|Any CPU
		{66A74F3C-A106-4C1E-BAA0-001908FEA2CA}.Coverage|Any CPU.ActiveCfg = Release|Any CPU
		{66A74F3C-A106-4C1E-BAA0-001908FEA2CA}.Coverage|Any CPU.Build.0 = Release|Any CPU
		{66A74F3C-A106-4C1E-BAA0-001908FEA2CA}.Debug|Any CPU.ActiveCfg = Debug|Any CPU
		{66A74F3C-A106-4C1E-BAA0-001908FEA2CA}.Debug|Any CPU.Build.0 = Debug|Any CPU
		{66A74F3C-A106-4C1E-BAA0-001908FEA2CA}.FxCop|Any CPU.ActiveCfg = Release|Any CPU
		{66A74F3C-A106-4C1E-BAA0-001908FEA2CA}.FxCop|Any CPU.Build.0 = Release|Any CPU
		{66A74F3C-A106-4C1E-BAA0-001908FEA2CA}.Release|Any CPU.ActiveCfg = Release|Any CPU
		{66A74F3C-A106-4C1E-BAA0-001908FEA2CA}.Release|Any CPU.Build.0 = Release|Any CPU
		{6C28DA70-60F1-4442-967F-591BF3962EC5}.CodeCoverage|Any CPU.ActiveCfg = Release|Any CPU
		{6C28DA70-60F1-4442-967F-591BF3962EC5}.CodeCoverage|Any CPU.Build.0 = Release|Any CPU
		{6C28DA70-60F1-4442-967F-591BF3962EC5}.Coverage|Any CPU.ActiveCfg = Release|Any CPU
		{6C28DA70-60F1-4442-967F-591BF3962EC5}.Coverage|Any CPU.Build.0 = Release|Any CPU
		{6C28DA70-60F1-4442-967F-591BF3962EC5}.Debug|Any CPU.ActiveCfg = Debug|Any CPU
		{6C28DA70-60F1-4442-967F-591BF3962EC5}.Debug|Any CPU.Build.0 = Debug|Any CPU
		{6C28DA70-60F1-4442-967F-591BF3962EC5}.FxCop|Any CPU.ActiveCfg = Release|Any CPU
		{6C28DA70-60F1-4442-967F-591BF3962EC5}.FxCop|Any CPU.Build.0 = Release|Any CPU
		{6C28DA70-60F1-4442-967F-591BF3962EC5}.Release|Any CPU.ActiveCfg = Release|Any CPU
		{6C28DA70-60F1-4442-967F-591BF3962EC5}.Release|Any CPU.Build.0 = Release|Any CPU
		{76EFA9C5-8D7E-4FDF-B710-E20F8B6B00D2}.CodeCoverage|Any CPU.ActiveCfg = Release|Any CPU
		{76EFA9C5-8D7E-4FDF-B710-E20F8B6B00D2}.CodeCoverage|Any CPU.Build.0 = Release|Any CPU
		{76EFA9C5-8D7E-4FDF-B710-E20F8B6B00D2}.Coverage|Any CPU.ActiveCfg = Release|Any CPU
		{76EFA9C5-8D7E-4FDF-B710-E20F8B6B00D2}.Coverage|Any CPU.Build.0 = Release|Any CPU
		{76EFA9C5-8D7E-4FDF-B710-E20F8B6B00D2}.Debug|Any CPU.ActiveCfg = Debug|Any CPU
		{76EFA9C5-8D7E-4FDF-B710-E20F8B6B00D2}.Debug|Any CPU.Build.0 = Debug|Any CPU
		{76EFA9C5-8D7E-4FDF-B710-E20F8B6B00D2}.FxCop|Any CPU.ActiveCfg = Release|Any CPU
		{76EFA9C5-8D7E-4FDF-B710-E20F8B6B00D2}.FxCop|Any CPU.Build.0 = Release|Any CPU
		{76EFA9C5-8D7E-4FDF-B710-E20F8B6B00D2}.Release|Any CPU.ActiveCfg = Release|Any CPU
		{76EFA9C5-8D7E-4FDF-B710-E20F8B6B00D2}.Release|Any CPU.Build.0 = Release|Any CPU
		{83CAA00D-A07D-45FD-8CE3-3298CFF374CD}.CodeCoverage|Any CPU.ActiveCfg = Release|Any CPU
		{83CAA00D-A07D-45FD-8CE3-3298CFF374CD}.CodeCoverage|Any CPU.Build.0 = Release|Any CPU
		{83CAA00D-A07D-45FD-8CE3-3298CFF374CD}.Coverage|Any CPU.ActiveCfg = Release|Any CPU
		{83CAA00D-A07D-45FD-8CE3-3298CFF374CD}.Coverage|Any CPU.Build.0 = Release|Any CPU
		{83CAA00D-A07D-45FD-8CE3-3298CFF374CD}.Debug|Any CPU.ActiveCfg = Debug|Any CPU
		{83CAA00D-A07D-45FD-8CE3-3298CFF374CD}.Debug|Any CPU.Build.0 = Debug|Any CPU
		{83CAA00D-A07D-45FD-8CE3-3298CFF374CD}.FxCop|Any CPU.ActiveCfg = Release|Any CPU
		{83CAA00D-A07D-45FD-8CE3-3298CFF374CD}.FxCop|Any CPU.Build.0 = Release|Any CPU
		{83CAA00D-A07D-45FD-8CE3-3298CFF374CD}.Release|Any CPU.ActiveCfg = Release|Any CPU
		{83CAA00D-A07D-45FD-8CE3-3298CFF374CD}.Release|Any CPU.Build.0 = Release|Any CPU
		{8AC2A2E4-2F11-4D40-A887-62E2583A65E6}.CodeCoverage|Any CPU.ActiveCfg = Release|Any CPU
		{8AC2A2E4-2F11-4D40-A887-62E2583A65E6}.CodeCoverage|Any CPU.Build.0 = Release|Any CPU
		{8AC2A2E4-2F11-4D40-A887-62E2583A65E6}.Coverage|Any CPU.ActiveCfg = Release|Any CPU
		{8AC2A2E4-2F11-4D40-A887-62E2583A65E6}.Coverage|Any CPU.Build.0 = Release|Any CPU
		{8AC2A2E4-2F11-4D40-A887-62E2583A65E6}.Debug|Any CPU.ActiveCfg = Debug|Any CPU
		{8AC2A2E4-2F11-4D40-A887-62E2583A65E6}.Debug|Any CPU.Build.0 = Debug|Any CPU
		{8AC2A2E4-2F11-4D40-A887-62E2583A65E6}.FxCop|Any CPU.ActiveCfg = Release|Any CPU
		{8AC2A2E4-2F11-4D40-A887-62E2583A65E6}.FxCop|Any CPU.Build.0 = Release|Any CPU
		{8AC2A2E4-2F11-4D40-A887-62E2583A65E6}.Release|Any CPU.ActiveCfg = Release|Any CPU
		{8AC2A2E4-2F11-4D40-A887-62E2583A65E6}.Release|Any CPU.Build.0 = Release|Any CPU
		{8F18041B-9410-4C36-A9C5-067813DF5F31}.CodeCoverage|Any CPU.ActiveCfg = Release|Any CPU
		{8F18041B-9410-4C36-A9C5-067813DF5F31}.CodeCoverage|Any CPU.Build.0 = Release|Any CPU
		{8F18041B-9410-4C36-A9C5-067813DF5F31}.Coverage|Any CPU.ActiveCfg = Release|Any CPU
		{8F18041B-9410-4C36-A9C5-067813DF5F31}.Coverage|Any CPU.Build.0 = Release|Any CPU
		{8F18041B-9410-4C36-A9C5-067813DF5F31}.Debug|Any CPU.ActiveCfg = Debug|Any CPU
		{8F18041B-9410-4C36-A9C5-067813DF5F31}.Debug|Any CPU.Build.0 = Debug|Any CPU
		{8F18041B-9410-4C36-A9C5-067813DF5F31}.FxCop|Any CPU.ActiveCfg = Release|Any CPU
		{8F18041B-9410-4C36-A9C5-067813DF5F31}.FxCop|Any CPU.Build.0 = Release|Any CPU
		{8F18041B-9410-4C36-A9C5-067813DF5F31}.Release|Any CPU.ActiveCfg = Release|Any CPU
		{8F18041B-9410-4C36-A9C5-067813DF5F31}.Release|Any CPU.Build.0 = Release|Any CPU
		{9B7E3740-6161-4548-833C-4BBCA43B970E}.CodeCoverage|Any CPU.ActiveCfg = Release|Any CPU
		{9B7E3740-6161-4548-833C-4BBCA43B970E}.CodeCoverage|Any CPU.Build.0 = Release|Any CPU
		{9B7E3740-6161-4548-833C-4BBCA43B970E}.Coverage|Any CPU.ActiveCfg = Release|Any CPU
		{9B7E3740-6161-4548-833C-4BBCA43B970E}.Coverage|Any CPU.Build.0 = Release|Any CPU
		{9B7E3740-6161-4548-833C-4BBCA43B970E}.Debug|Any CPU.ActiveCfg = Debug|Any CPU
		{9B7E3740-6161-4548-833C-4BBCA43B970E}.Debug|Any CPU.Build.0 = Debug|Any CPU
		{9B7E3740-6161-4548-833C-4BBCA43B970E}.FxCop|Any CPU.ActiveCfg = Release|Any CPU
		{9B7E3740-6161-4548-833C-4BBCA43B970E}.FxCop|Any CPU.Build.0 = Release|Any CPU
		{9B7E3740-6161-4548-833C-4BBCA43B970E}.Release|Any CPU.ActiveCfg = Release|Any CPU
		{9B7E3740-6161-4548-833C-4BBCA43B970E}.Release|Any CPU.Build.0 = Release|Any CPU
		{A23646B5-9365-4007-85D3-F7D9A04EE916}.CodeCoverage|Any CPU.ActiveCfg = CodeCoverage|Any CPU
		{A23646B5-9365-4007-85D3-F7D9A04EE916}.CodeCoverage|Any CPU.Build.0 = CodeCoverage|Any CPU
		{A23646B5-9365-4007-85D3-F7D9A04EE916}.Coverage|Any CPU.ActiveCfg = CodeCoverage|Any CPU
		{A23646B5-9365-4007-85D3-F7D9A04EE916}.Coverage|Any CPU.Build.0 = CodeCoverage|Any CPU
		{A23646B5-9365-4007-85D3-F7D9A04EE916}.Debug|Any CPU.ActiveCfg = Debug|Any CPU
		{A23646B5-9365-4007-85D3-F7D9A04EE916}.Debug|Any CPU.Build.0 = Debug|Any CPU
		{A23646B5-9365-4007-85D3-F7D9A04EE916}.FxCop|Any CPU.ActiveCfg = CodeCoverage|Any CPU
		{A23646B5-9365-4007-85D3-F7D9A04EE916}.FxCop|Any CPU.Build.0 = CodeCoverage|Any CPU
		{A23646B5-9365-4007-85D3-F7D9A04EE916}.Release|Any CPU.ActiveCfg = Release|Any CPU
		{A23646B5-9365-4007-85D3-F7D9A04EE916}.Release|Any CPU.Build.0 = Release|Any CPU
		{D3313BDF-8071-4AC8-9D98-ABF7F9E88A57}.CodeCoverage|Any CPU.ActiveCfg = Release|Any CPU
		{D3313BDF-8071-4AC8-9D98-ABF7F9E88A57}.CodeCoverage|Any CPU.Build.0 = Release|Any CPU
		{D3313BDF-8071-4AC8-9D98-ABF7F9E88A57}.Coverage|Any CPU.ActiveCfg = Release|Any CPU
		{D3313BDF-8071-4AC8-9D98-ABF7F9E88A57}.Coverage|Any CPU.Build.0 = Release|Any CPU
		{D3313BDF-8071-4AC8-9D98-ABF7F9E88A57}.Debug|Any CPU.ActiveCfg = Debug|Any CPU
		{D3313BDF-8071-4AC8-9D98-ABF7F9E88A57}.Debug|Any CPU.Build.0 = Debug|Any CPU
		{D3313BDF-8071-4AC8-9D98-ABF7F9E88A57}.FxCop|Any CPU.ActiveCfg = Release|Any CPU
		{D3313BDF-8071-4AC8-9D98-ABF7F9E88A57}.FxCop|Any CPU.Build.0 = Release|Any CPU
		{D3313BDF-8071-4AC8-9D98-ABF7F9E88A57}.Release|Any CPU.ActiveCfg = Release|Any CPU
		{D3313BDF-8071-4AC8-9D98-ABF7F9E88A57}.Release|Any CPU.Build.0 = Release|Any CPU
		{D3CF7430-6DA4-42B0-BD90-CA39D16687B2}.CodeCoverage|Any CPU.ActiveCfg = CodeCoverage|Any CPU
		{D3CF7430-6DA4-42B0-BD90-CA39D16687B2}.CodeCoverage|Any CPU.Build.0 = CodeCoverage|Any CPU
		{D3CF7430-6DA4-42B0-BD90-CA39D16687B2}.Coverage|Any CPU.ActiveCfg = CodeCoverage|Any CPU
		{D3CF7430-6DA4-42B0-BD90-CA39D16687B2}.Coverage|Any CPU.Build.0 = CodeCoverage|Any CPU
		{D3CF7430-6DA4-42B0-BD90-CA39D16687B2}.Debug|Any CPU.ActiveCfg = Debug|Any CPU
		{D3CF7430-6DA4-42B0-BD90-CA39D16687B2}.Debug|Any CPU.Build.0 = Debug|Any CPU
		{D3CF7430-6DA4-42B0-BD90-CA39D16687B2}.FxCop|Any CPU.ActiveCfg = FxCop|Any CPU
		{D3CF7430-6DA4-42B0-BD90-CA39D16687B2}.FxCop|Any CPU.Build.0 = FxCop|Any CPU
		{D3CF7430-6DA4-42B0-BD90-CA39D16687B2}.Release|Any CPU.ActiveCfg = Release|Any CPU
		{D3CF7430-6DA4-42B0-BD90-CA39D16687B2}.Release|Any CPU.Build.0 = Release|Any CPU
		{E2D008A9-4D1D-4F6B-8325-4ED717D6EA0A}.CodeCoverage|Any CPU.ActiveCfg = Release|Any CPU
		{E2D008A9-4D1D-4F6B-8325-4ED717D6EA0A}.CodeCoverage|Any CPU.Build.0 = Release|Any CPU
		{E2D008A9-4D1D-4F6B-8325-4ED717D6EA0A}.Coverage|Any CPU.ActiveCfg = Release|Any CPU
		{E2D008A9-4D1D-4F6B-8325-4ED717D6EA0A}.Coverage|Any CPU.Build.0 = Release|Any CPU
		{E2D008A9-4D1D-4F6B-8325-4ED717D6EA0A}.Debug|Any CPU.ActiveCfg = Debug|Any CPU
		{E2D008A9-4D1D-4F6B-8325-4ED717D6EA0A}.Debug|Any CPU.Build.0 = Debug|Any CPU
		{E2D008A9-4D1D-4F6B-8325-4ED717D6EA0A}.FxCop|Any CPU.ActiveCfg = Release|Any CPU
		{E2D008A9-4D1D-4F6B-8325-4ED717D6EA0A}.FxCop|Any CPU.Build.0 = Release|Any CPU
		{E2D008A9-4D1D-4F6B-8325-4ED717D6EA0A}.Release|Any CPU.ActiveCfg = Release|Any CPU
		{E2D008A9-4D1D-4F6B-8325-4ED717D6EA0A}.Release|Any CPU.Build.0 = Release|Any CPU
	EndGlobalSection
	GlobalSection(SolutionProperties) = preSolution
		HideSolutionNode = FALSE
	EndGlobalSection
	GlobalSection(NestedProjects) = preSolution
		{075BA018-DD6D-4077-96CA-D8640D888009} = {B63BFF82-9FAB-40D2-B061-BF8046410540}
		{0939B11A-FE4E-4BA1-8AD6-D97741EE314F} = {A10F6194-933A-443E-AEC3-023942D30D99}
		{0BB62A1D-E6B5-49FA-9E3C-6AF679A66DFE} = {A10F6194-933A-443E-AEC3-023942D30D99}
		{0C7CE809-0F72-4C19-8C64-D6573E4D9521} = {A10F6194-933A-443E-AEC3-023942D30D99}
		{0F4870DB-A799-4DBA-99DF-0D74BB52FEC2} = {A10F6194-933A-443E-AEC3-023942D30D99}
		{22BABB60-8F02-4027-AFFC-ACF069954536} = {A10F6194-933A-443E-AEC3-023942D30D99}
		{256C18D8-0A46-4DEC-A9D6-D8073D15F453} = {B63BFF82-9FAB-40D2-B061-BF8046410540}
		{268DEE9D-F323-4A00-8ED8-3784388C3E3A} = {A10F6194-933A-443E-AEC3-023942D30D99}
		{2C653A66-8159-4A41-954F-A67915DFDA87} = {A10F6194-933A-443E-AEC3-023942D30D99}
		{3D3FFD8A-624D-4E9B-954B-E1C105507975} = {B63BFF82-9FAB-40D2-B061-BF8046410540}
		{44D03EF0-08CE-4ADE-A7E0-445090023FA7} = {B63BFF82-9FAB-40D2-B061-BF8046410540}
		{4599D053-CC06-4818-AFFD-EF45404895EF} = {A10F6194-933A-443E-AEC3-023942D30D99}
		{4D39BAAF-8A96-473E-AB79-C8A341885137} = {A10F6194-933A-443E-AEC3-023942D30D99}
		{55A15F40-1435-4248-A7F2-2A146BB83586} = {A10F6194-933A-443E-AEC3-023942D30D99}
		{57FFC134-7F9D-4B97-8692-8D2C16714663} = {B63BFF82-9FAB-40D2-B061-BF8046410540}
		{66A74F3C-A106-4C1E-BAA0-001908FEA2CA} = {A10F6194-933A-443E-AEC3-023942D30D99}
		{6C28DA70-60F1-4442-967F-591BF3962EC5} = {B63BFF82-9FAB-40D2-B061-BF8046410540}
		{76EFA9C5-8D7E-4FDF-B710-E20F8B6B00D2} = {A10F6194-933A-443E-AEC3-023942D30D99}
		{83CAA00D-A07D-45FD-8CE3-3298CFF374CD} = {B63BFF82-9FAB-40D2-B061-BF8046410540}
		{8AC2A2E4-2F11-4D40-A887-62E2583A65E6} = {B63BFF82-9FAB-40D2-B061-BF8046410540}
		{8F18041B-9410-4C36-A9C5-067813DF5F31} = {A10F6194-933A-443E-AEC3-023942D30D99}
		{9B7E3740-6161-4548-833C-4BBCA43B970E} = {A10F6194-933A-443E-AEC3-023942D30D99}
		{A23646B5-9365-4007-85D3-F7D9A04EE916} = {B63BFF82-9FAB-40D2-B061-BF8046410540}
		{D3313BDF-8071-4AC8-9D98-ABF7F9E88A57} = {A10F6194-933A-443E-AEC3-023942D30D99}
		{D3CF7430-6DA4-42B0-BD90-CA39D16687B2} = {B63BFF82-9FAB-40D2-B061-BF8046410540}
		{E2D008A9-4D1D-4F6B-8325-4ED717D6EA0A} = {A10F6194-933A-443E-AEC3-023942D30D99}
	EndGlobalSection
EndGlobal
